
Microsoft Visual Studio Solution File, Format Version 12.00
# Visual Studio Version 16
VisualStudioVersion = 16.0.30226.41
MinimumVisualStudioVersion = 10.0.40219.1
Project("{FAE04EC0-301F-11D3-BF4B-00C04F79EFBC}") = "WindowsFormsApp3", "WindowsFormsApp3\WindowsFormsApp3.csproj", "{97FA04C7-A74D-4B86-8D5B-789588FFD47B}"
EndProject
Global
	GlobalSection(SolutionConfigurationPlatforms) = preSolution
		Debug|Any CPU = Debug|Any CPU
		Release|Any CPU = Release|Any CPU
	EndGlobalSection
	GlobalSection(ProjectConfigurationPlatforms) = postSolution
		{97FA04C7-A74D-4B86-8D5B-789588FFD47B}.Debug|Any CPU.ActiveCfg = Debug|Any CPU
		{97FA04C7-A74D-4B86-8D5B-789588FFD47B}.Debug|Any CPU.Build.0 = Debug|Any CPU
		{97FA04C7-A74D-4B86-8D5B-789588FFD47B}.Release|Any CPU.ActiveCfg = Release|Any CPU
		{97FA04C7-A74D-4B86-8D5B-789588FFD47B}.Release|Any CPU.Build.0 = Release|Any CPU
	EndGlobalSection
	GlobalSection(SolutionProperties) = preSolution
		HideSolutionNode = FALSE
	EndGlobalSection
	GlobalSection(ExtensibilityGlobals) = postSolution
		SolutionGuid = {18112C60-2D4E-4E79-8F42-C10E23710F7C}
	EndGlobalSection
EndGlobal
